
Microsoft Visual Studio Solution File, Format Version 12.00
# Visual Studio Version 16
VisualStudioVersion = 16.0.31515.178
MinimumVisualStudioVersion = 10.0.40219.1
Project("{FAE04EC0-301F-11D3-BF4B-00C04F79EFBC}") = "Countries.API", "Countries.API\Countries.API.csproj", "{DC1CA46F-ADC5-4540-9E4C-FB1250077E31}"
EndProject
Project("{FAE04EC0-301F-11D3-BF4B-00C04F79EFBC}") = "Countries.Application", "Countries.Application\Countries.Application.csproj", "{204511CD-2542-4147-970E-300128B15E14}"
EndProject
Project("{FAE04EC0-301F-11D3-BF4B-00C04F79EFBC}") = "Countries.Domain", "Countries.Domain\Countries.Domain.csproj", "{144EF116-0E95-456D-B307-F99AF54AF8DE}"
EndProject
Project("{FAE04EC0-301F-11D3-BF4B-00C04F79EFBC}") = "Countries.Infrastructure", "Countries.Infrastructure\Countries.Infrastructure.csproj", "{E96D1D4C-8028-482E-A7EF-58E6D106F118}"
EndProject
Global
	GlobalSection(SolutionConfigurationPlatforms) = preSolution
		Debug|Any CPU = Debug|Any CPU
		Release|Any CPU = Release|Any CPU
	EndGlobalSection
	GlobalSection(ProjectConfigurationPlatforms) = postSolution
		{DC1CA46F-ADC5-4540-9E4C-FB1250077E31}.Debug|Any CPU.ActiveCfg = Debug|Any CPU
		{DC1CA46F-ADC5-4540-9E4C-FB1250077E31}.Debug|Any CPU.Build.0 = Debug|Any CPU
		{DC1CA46F-ADC5-4540-9E4C-FB1250077E31}.Release|Any CPU.ActiveCfg = Release|Any CPU
		{DC1CA46F-ADC5-4540-9E4C-FB1250077E31}.Release|Any CPU.Build.0 = Release|Any CPU
		{204511CD-2542-4147-970E-300128B15E14}.Debug|Any CPU.ActiveCfg = Debug|Any CPU
		{204511CD-2542-4147-970E-300128B15E14}.Debug|Any CPU.Build.0 = Debug|Any CPU
		{204511CD-2542-4147-970E-300128B15E14}.Release|Any CPU.ActiveCfg = Release|Any CPU
		{204511CD-2542-4147-970E-300128B15E14}.Release|Any CPU.Build.0 = Release|Any CPU
		{144EF116-0E95-456D-B307-F99AF54AF8DE}.Debug|Any CPU.ActiveCfg = Debug|Any CPU
		{144EF116-0E95-456D-B307-F99AF54AF8DE}.Debug|Any CPU.Build.0 = Debug|Any CPU
		{144EF116-0E95-456D-B307-F99AF54AF8DE}.Release|Any CPU.ActiveCfg = Release|Any CPU
		{144EF116-0E95-456D-B307-F99AF54AF8DE}.Release|Any CPU.Build.0 = Release|Any CPU
		{E96D1D4C-8028-482E-A7EF-58E6D106F118}.Debug|Any CPU.ActiveCfg = Debug|Any CPU
		{E96D1D4C-8028-482E-A7EF-58E6D106F118}.Debug|Any CPU.Build.0 = Debug|Any CPU
		{E96D1D4C-8028-482E-A7EF-58E6D106F118}.Release|Any CPU.ActiveCfg = Release|Any CPU
		{E96D1D4C-8028-482E-A7EF-58E6D106F118}.Release|Any CPU.Build.0 = Release|Any CPU
	EndGlobalSection
	GlobalSection(SolutionProperties) = preSolution
		HideSolutionNode = FALSE
	EndGlobalSection
	GlobalSection(ExtensibilityGlobals) = postSolution
		SolutionGuid = {8407B858-3588-4533-AD6B-6A1E9995AA50}
	EndGlobalSection
EndGlobal
